{
  "name": "test",
  "lockfileVersion": 2,
  "requires": true,
  "packages": {
    "": {
      "devDependencies": {
        "bats": "^1.9.0",
        "bats-assert": "bats-core/bats-assert",
        "bats-file": "bats-core/bats-file",
        "bats-support": "bats-core/bats-support"
      }
    },
    "node_modules/bats": {
      "version": "1.9.0",
      "resolved": "https://registry.npmjs.org/bats/-/bats-1.9.0.tgz",
      "integrity": "sha512-Z5BJaAmmHv/ujj7obhjEzJ//OL+ZtjVq0iRnHu+2fE9OeUaPMbJpBgYiOdNbDrG3E2hqe84/AXNnS/UiXl/UcA==",
      "dev": true,
      "bin": {
        "bats": "bin/bats"
      }
    },
    "node_modules/bats-assert": {
      "version": "2.1.0",
      "resolved": "git+ssh://git@github.com/bats-core/bats-assert.git#44913ffe6020d1561c4c4d1e26cda8e07a1f374f",
      "integrity": "sha512-2lI1GoAK7i0Vv0BdyUcLtSW0zBdUEtBD3gunEj+lbOnp82itdV2u3X4xQLOzZsyxCR7wGtTgtO38eRZfvjy+VQ==",
      "dev": true,
      "license": "CC0-1.0",
      "peerDependencies": {
        "bats": "0.4 || ^1",
        "bats-support": "^0.3"
      }
    },
    "node_modules/bats-file": {
      "version": "0.2.0",
      "resolved": "git+ssh://git@github.com/bats-core/bats-file.git#805ffb74fe085fd7be4fe43d787387b20d4bd7b6",
      "integrity": "sha512-q6BHwRDQcCF0+KIC+tmVO02dP0Jm0QLZS+ygKbyt8/gOP5fPAOALpUy+vnF3bcYO2SCVxzHf3d/7wWZyUqJTnA==",
      "dev": true,
      "peerDependencies": {
        "bats-support": "git+https://github.com/bats-core/bats-support.git#v0.3.0"
      }
    },
    "node_modules/bats-support": {
      "version": "0.3.0",
      "resolved": "git+ssh://git@github.com/bats-core/bats-support.git#3c8fadc5097c9acfc96d836dced2bb598e48b009",
      "dev": true,
      "license": "CC0-1.0",
      "peerDependencies": {
        "bats": "0.4 || ^1"
      }
    }
  },
  "dependencies": {
    "bats": {
      "version": "1.9.0",
      "resolved": "https://registry.npmjs.org/bats/-/bats-1.9.0.tgz",
      "integrity": "sha512-Z5BJaAmmHv/ujj7obhjEzJ//OL+ZtjVq0iRnHu+2fE9OeUaPMbJpBgYiOdNbDrG3E2hqe84/AXNnS/UiXl/UcA==",
      "dev": true
    },
    "bats-assert": {
      "version": "git+ssh://git@github.com/bats-core/bats-assert.git#44913ffe6020d1561c4c4d1e26cda8e07a1f374f",
      "integrity": "sha512-2lI1GoAK7i0Vv0BdyUcLtSW0zBdUEtBD3gunEj+lbOnp82itdV2u3X4xQLOzZsyxCR7wGtTgtO38eRZfvjy+VQ==",
      "dev": true,
      "from": "bats-assert@bats-core/bats-assert#44913ffe6020d1561c4c4d1e26cda8e07a1f374f",
      "requires": {}
    },
    "bats-file": {
      "version": "git+ssh://git@github.com/bats-core/bats-file.git#805ffb74fe085fd7be4fe43d787387b20d4bd7b6",
      "integrity": "sha512-q6BHwRDQcCF0+KIC+tmVO02dP0Jm0QLZS+ygKbyt8/gOP5fPAOALpUy+vnF3bcYO2SCVxzHf3d/7wWZyUqJTnA==",
      "dev": true,
      "from": "bats-file@bats-core/bats-file#805ffb74fe085fd7be4fe43d787387b20d4bd7b6",
      "requires": {}
    },
    "bats-support": {
      "version": "git+ssh://git@github.com/bats-core/bats-support.git#3c8fadc5097c9acfc96d836dced2bb598e48b009",
      "dev": true,
      "from": "bats-support@bats-core/bats-support",
      "requires": {}
    }
  }
}
